// !$*UTF8*$!
{
	archiveVersion = 1;
	classes = {
	};
	objectVersion = 56;
	objects = {

/* Begin PBXBuildFile section */
		8B3949B62D1AF63500B42FAB /* FetchDetailUseCase.swift in Sources */ = {isa = PBXBuildFile; fileRef = 8B3949B52D1AF63500B42FAB /* FetchDetailUseCase.swift */; };
		8B394A2B2D1C1AF300B42FAB /* TickerModel.swift in Sources */ = {isa = PBXBuildFile; fileRef = 8B394A2A2D1C1AF300B42FAB /* TickerModel.swift */; };
		8B394A2F2D1C213800B42FAB /* AppError.swift in Sources */ = {isa = PBXBuildFile; fileRef = 8B394A2E2D1C213800B42FAB /* AppError.swift */; };
		8B394A322D1C58B600B42FAB /* BaseViewModel.swift in Sources */ = {isa = PBXBuildFile; fileRef = 8B394A312D1C58B600B42FAB /* BaseViewModel.swift */; };
		8B394A342D1C601700B42FAB /* CryptoListView.swift in Sources */ = {isa = PBXBuildFile; fileRef = 8B394A332D1C601700B42FAB /* CryptoListView.swift */; };
		8B394A362D1CD92200B42FAB /* DetailView.swift in Sources */ = {isa = PBXBuildFile; fileRef = 8B394A352D1CD92200B42FAB /* DetailView.swift */; };
		8B394A392D1CDFB300B42FAB /* Model.xcdatamodeld in Sources */ = {isa = PBXBuildFile; fileRef = 8B394A372D1CDFB300B42FAB /* Model.xcdatamodeld */; };
		8B5E89292D1ABC2900DE5700 /* ErrorView.swift in Sources */ = {isa = PBXBuildFile; fileRef = 8B5E89262D1ABC2900DE5700 /* ErrorView.swift */; };
		8B5E892A2D1ABC2900DE5700 /* LoadingView.swift in Sources */ = {isa = PBXBuildFile; fileRef = 8B5E89272D1ABC2900DE5700 /* LoadingView.swift */; };
		8B5E892C2D1ACE8F00DE5700 /* NetworkMonitor.swift in Sources */ = {isa = PBXBuildFile; fileRef = 8B5E892B2D1ACE8F00DE5700 /* NetworkMonitor.swift */; };
		8B8F31422D19D6F7003AF235 /* ResourceState.swift in Sources */ = {isa = PBXBuildFile; fileRef = 8B8F31402D19D6F7003AF235 /* ResourceState.swift */; };
		8B8F31562D19D7C1003AF235 /* Color.swift in Sources */ = {isa = PBXBuildFile; fileRef = 8B8F314F2D19D7C1003AF235 /* Color.swift */; };
		8B8F31572D19D7C1003AF235 /* HTTPURLResponse.swift in Sources */ = {isa = PBXBuildFile; fileRef = 8B8F31502D19D7C1003AF235 /* HTTPURLResponse.swift */; };
		8B8F31582D19D7C1003AF235 /* Formatter.swift in Sources */ = {isa = PBXBuildFile; fileRef = 8B8F31522D19D7C1003AF235 /* Formatter.swift */; };
		8B8F315F2D1A1AFE003AF235 /* AppCoordinator.swift in Sources */ = {isa = PBXBuildFile; fileRef = 8B8F315E2D1A1AFE003AF235 /* AppCoordinator.swift */; };
		8B8F31612D1A1EE9003AF235 /* VieState.swift in Sources */ = {isa = PBXBuildFile; fileRef = 8B8F31602D1A1EE9003AF235 /* VieState.swift */; };
		8BCA23DC2D1E3FE200DE56C3 /* FavoritesRepository.swift in Sources */ = {isa = PBXBuildFile; fileRef = 8BCA23DB2D1E3FE200DE56C3 /* FavoritesRepository.swift */; };
		8BCA23E42D1EC7F300DE56C3 /* CryptoDetailsRepositoryImpl.swift in Sources */ = {isa = PBXBuildFile; fileRef = 8BCA23E32D1EC7F300DE56C3 /* CryptoDetailsRepositoryImpl.swift */; };
		8BCA23E62D1EC9BD00DE56C3 /* CryptoDetails.swift in Sources */ = {isa = PBXBuildFile; fileRef = 8BCA23E52D1EC9BD00DE56C3 /* CryptoDetails.swift */; };
		8BCA23E82D1EC9D700DE56C3 /* Repository.swift in Sources */ = {isa = PBXBuildFile; fileRef = 8BCA23E72D1EC9D700DE56C3 /* Repository.swift */; };
		8BCA23EB2D1ECBC500DE56C3 /* NetworkManagerTests.swift in Sources */ = {isa = PBXBuildFile; fileRef = 8BCA23EA2D1ECBC500DE56C3 /* NetworkManagerTests.swift */; };
		8BCA23EE2D1ECF3A00DE56C3 /* Mocks.swift in Sources */ = {isa = PBXBuildFile; fileRef = 8BCA23ED2D1ECF3A00DE56C3 /* Mocks.swift */; };
		8BCA23F02D1ECFE000DE56C3 /* CoreDataServiceTests.swift in Sources */ = {isa = PBXBuildFile; fileRef = 8BCA23EF2D1ECFE000DE56C3 /* CoreDataServiceTests.swift */; };
		8BCA23F32D1ED1FF00DE56C3 /* MockFetchPricesUseCase.swift in Sources */ = {isa = PBXBuildFile; fileRef = 8BCA23F22D1ED1FF00DE56C3 /* MockFetchPricesUseCase.swift */; };
		8BCA23F52D1ED22900DE56C3 /* BaseCryptoViewModelTests.swift in Sources */ = {isa = PBXBuildFile; fileRef = 8BCA23F42D1ED22900DE56C3 /* BaseCryptoViewModelTests.swift */; };
		8BCA23F72D1ED23A00DE56C3 /* CryptoSearchViewModelTests.swift in Sources */ = {isa = PBXBuildFile; fileRef = 8BCA23F62D1ED23A00DE56C3 /* CryptoSearchViewModelTests.swift */; };
		8BCDA1402D1E31810013D5D3 /* NotificationObserver.swift in Sources */ = {isa = PBXBuildFile; fileRef = 8BCDA13F2D1E31810013D5D3 /* NotificationObserver.swift */; };
		8BD135042D16EE4F008913D4 /* Cryptocurrency_TrackingApp.swift in Sources */ = {isa = PBXBuildFile; fileRef = 8BD135032D16EE4F008913D4 /* Cryptocurrency_TrackingApp.swift */; };
		8BD135062D16EE4F008913D4 /* ContentView.swift in Sources */ = {isa = PBXBuildFile; fileRef = 8BD135052D16EE4F008913D4 /* ContentView.swift */; };
		8BD135082D16EE50008913D4 /* Assets.xcassets in Resources */ = {isa = PBXBuildFile; fileRef = 8BD135072D16EE50008913D4 /* Assets.xcassets */; };
		8BD1350C2D16EE50008913D4 /* Preview Assets.xcassets in Resources */ = {isa = PBXBuildFile; fileRef = 8BD1350B2D16EE50008913D4 /* Preview Assets.xcassets */; };
		8BD135162D16EE51008913D4 /* Cryptocurrency_TrackingTests.swift in Sources */ = {isa = PBXBuildFile; fileRef = 8BD135152D16EE51008913D4 /* Cryptocurrency_TrackingTests.swift */; };
		8BD135302D16EED0008913D4 /* NetworkService.swift in Sources */ = {isa = PBXBuildFile; fileRef = 8BD1352F2D16EED0008913D4 /* NetworkService.swift */; };
		8BD135322D16EEF0008913D4 /* APIEndpoint.swift in Sources */ = {isa = PBXBuildFile; fileRef = 8BD135312D16EEF0008913D4 /* APIEndpoint.swift */; };
		8BD135342D16EF22008913D4 /* NetworkManager.swift in Sources */ = {isa = PBXBuildFile; fileRef = 8BD135332D16EF22008913D4 /* NetworkManager.swift */; };
		8BD1353A2D16F13A008913D4 /* FetchPricesUseCase.swift in Sources */ = {isa = PBXBuildFile; fileRef = 8BD135392D16F13A008913D4 /* FetchPricesUseCase.swift */; };
		8BD1353C2D16F171008913D4 /* CryptocurrencyUIModel.swift in Sources */ = {isa = PBXBuildFile; fileRef = 8BD1353B2D16F171008913D4 /* CryptocurrencyUIModel.swift */; };
		8BD135432D16F288008913D4 /* CryptoRepositoryImpl.swift in Sources */ = {isa = PBXBuildFile; fileRef = 8BD135422D16F288008913D4 /* CryptoRepositoryImpl.swift */; };
		8BD135452D16F2B4008913D4 /* CryptoRepository.swift in Sources */ = {isa = PBXBuildFile; fileRef = 8BD135442D16F2B4008913D4 /* CryptoRepository.swift */; };
		8BD135482D16F32A008913D4 /* CryptoSearchViewModel.swift in Sources */ = {isa = PBXBuildFile; fileRef = 8BD135472D16F32A008913D4 /* CryptoSearchViewModel.swift */; };
		8BD1354A2D171BAC008913D4 /* SearchCryptocurrenciesView.swift in Sources */ = {isa = PBXBuildFile; fileRef = 8BD135492D171BAC008913D4 /* SearchCryptocurrenciesView.swift */; };
		8BD1354F2D171D59008913D4 /* FavoritesService.swift in Sources */ = {isa = PBXBuildFile; fileRef = 8BD1354E2D171D59008913D4 /* FavoritesService.swift */; };
		8BD135512D1762BC008913D4 /* MainTabView.swift in Sources */ = {isa = PBXBuildFile; fileRef = 8BD135502D1762BB008913D4 /* MainTabView.swift */; };
		8BD135542D176342008913D4 /* FavoriteCryptocurrenciesView.swift in Sources */ = {isa = PBXBuildFile; fileRef = 8BD135532D176342008913D4 /* FavoriteCryptocurrenciesView.swift */; };
		8BD135562D176443008913D4 /* FavoritesViewModel.swift in Sources */ = {isa = PBXBuildFile; fileRef = 8BD135552D176443008913D4 /* FavoritesViewModel.swift */; };
		8BD135582D176EC1008913D4 /* RealTimePricesView.swift in Sources */ = {isa = PBXBuildFile; fileRef = 8BD135572D176EC1008913D4 /* RealTimePricesView.swift */; };
		8BD1355B2D176F2F008913D4 /* RealTimePricesViewModel.swift in Sources */ = {isa = PBXBuildFile; fileRef = 8BD1355A2D176F2F008913D4 /* RealTimePricesViewModel.swift */; };
		8BD1355E2D17735E008913D4 /* CryptoDetailsViewModel.swift in Sources */ = {isa = PBXBuildFile; fileRef = 8BD1355D2D17735E008913D4 /* CryptoDetailsViewModel.swift */; };
		8BD135602D17738B008913D4 /* CryptoDetailsView.swift in Sources */ = {isa = PBXBuildFile; fileRef = 8BD1355F2D17738B008913D4 /* CryptoDetailsView.swift */; };
		8BD1356D2D18A511008913D4 /* LocalDatabaseService.swift in Sources */ = {isa = PBXBuildFile; fileRef = 8BD1356C2D18A511008913D4 /* LocalDatabaseService.swift */; };
		8BD135702D18A8E3008913D4 /* CryptoCardView.swift in Sources */ = {isa = PBXBuildFile; fileRef = 8BD1356F2D18A8E3008913D4 /* CryptoCardView.swift */; };
		8BF7E4CE2D1EE28C00C9704B /* RealTimePricesViewModelTests.swift in Sources */ = {isa = PBXBuildFile; fileRef = 8BF7E4CD2D1EE28C00C9704B /* RealTimePricesViewModelTests.swift */; };
		8BF7E4D02D1EE7CC00C9704B /* CryptoDetailsViewModelTests.swift in Sources */ = {isa = PBXBuildFile; fileRef = 8BF7E4CF2D1EE7CC00C9704B /* CryptoDetailsViewModelTests.swift */; };
		8BF7E4D22D1EE7E300C9704B /* MockFetchDetailUseCase.swift in Sources */ = {isa = PBXBuildFile; fileRef = 8BF7E4D12D1EE7E300C9704B /* MockFetchDetailUseCase.swift */; };
		8BF7E4D42D1EEA6300C9704B /* FavoritesViewModelTests.swift in Sources */ = {isa = PBXBuildFile; fileRef = 8BF7E4D32D1EEA6300C9704B /* FavoritesViewModelTests.swift */; };
		8BF7E4D72D1EEF5D00C9704B /* CryptoRepositoryTests.swift in Sources */ = {isa = PBXBuildFile; fileRef = 8BF7E4D62D1EEF5D00C9704B /* CryptoRepositoryTests.swift */; };
		8BF7E4D92D1F477C00C9704B /* Configuration.swift in Sources */ = {isa = PBXBuildFile; fileRef = 8BF7E4D82D1F477C00C9704B /* Configuration.swift */; };
/* End PBXBuildFile section */

/* Begin PBXContainerItemProxy section */
		8BD135122D16EE51008913D4 /* PBXContainerItemProxy */ = {
			isa = PBXContainerItemProxy;
			containerPortal = 8BD134F82D16EE4F008913D4 /* Project object */;
			proxyType = 1;
			remoteGlobalIDString = 8BD134FF2D16EE4F008913D4;
			remoteInfo = "Cryptocurrency Tracking";
		};
/* End PBXContainerItemProxy section */

/* Begin PBXFileReference section */
		8B3949B52D1AF63500B42FAB /* FetchDetailUseCase.swift */ = {isa = PBXFileReference; lastKnownFileType = sourcecode.swift; path = FetchDetailUseCase.swift; sourceTree = "<group>"; };
		8B394A2A2D1C1AF300B42FAB /* TickerModel.swift */ = {isa = PBXFileReference; lastKnownFileType = sourcecode.swift; path = TickerModel.swift; sourceTree = "<group>"; };
		8B394A2E2D1C213800B42FAB /* AppError.swift */ = {isa = PBXFileReference; lastKnownFileType = sourcecode.swift; path = AppError.swift; sourceTree = "<group>"; };
		8B394A312D1C58B600B42FAB /* BaseViewModel.swift */ = {isa = PBXFileReference; lastKnownFileType = sourcecode.swift; path = BaseViewModel.swift; sourceTree = "<group>"; };
		8B394A332D1C601700B42FAB /* CryptoListView.swift */ = {isa = PBXFileReference; lastKnownFileType = sourcecode.swift; path = CryptoListView.swift; sourceTree = "<group>"; };
		8B394A352D1CD92200B42FAB /* DetailView.swift */ = {isa = PBXFileReference; lastKnownFileType = sourcecode.swift; path = DetailView.swift; sourceTree = "<group>"; };
		8B394A382D1CDFB300B42FAB /* CryptocurrencyEntity.xcdatamodel */ = {isa = PBXFileReference; lastKnownFileType = wrapper.xcdatamodel; path = CryptocurrencyEntity.xcdatamodel; sourceTree = "<group>"; };
		8B5E89262D1ABC2900DE5700 /* ErrorView.swift */ = {isa = PBXFileReference; fileEncoding = 4; lastKnownFileType = sourcecode.swift; path = ErrorView.swift; sourceTree = "<group>"; };
		8B5E89272D1ABC2900DE5700 /* LoadingView.swift */ = {isa = PBXFileReference; fileEncoding = 4; lastKnownFileType = sourcecode.swift; path = LoadingView.swift; sourceTree = "<group>"; };
		8B5E892B2D1ACE8F00DE5700 /* NetworkMonitor.swift */ = {isa = PBXFileReference; lastKnownFileType = sourcecode.swift; path = NetworkMonitor.swift; sourceTree = "<group>"; };
		8B8F31402D19D6F7003AF235 /* ResourceState.swift */ = {isa = PBXFileReference; fileEncoding = 4; lastKnownFileType = sourcecode.swift; path = ResourceState.swift; sourceTree = "<group>"; };
		8B8F314F2D19D7C1003AF235 /* Color.swift */ = {isa = PBXFileReference; fileEncoding = 4; lastKnownFileType = sourcecode.swift; path = Color.swift; sourceTree = "<group>"; };
		8B8F31502D19D7C1003AF235 /* HTTPURLResponse.swift */ = {isa = PBXFileReference; fileEncoding = 4; lastKnownFileType = sourcecode.swift; path = HTTPURLResponse.swift; sourceTree = "<group>"; };
		8B8F31522D19D7C1003AF235 /* Formatter.swift */ = {isa = PBXFileReference; fileEncoding = 4; lastKnownFileType = sourcecode.swift; path = Formatter.swift; sourceTree = "<group>"; };
		8B8F315E2D1A1AFE003AF235 /* AppCoordinator.swift */ = {isa = PBXFileReference; lastKnownFileType = sourcecode.swift; path = AppCoordinator.swift; sourceTree = "<group>"; };
		8B8F31602D1A1EE9003AF235 /* VieState.swift */ = {isa = PBXFileReference; lastKnownFileType = sourcecode.swift; path = VieState.swift; sourceTree = "<group>"; };
		8BCA23DB2D1E3FE200DE56C3 /* FavoritesRepository.swift */ = {isa = PBXFileReference; lastKnownFileType = sourcecode.swift; path = FavoritesRepository.swift; sourceTree = "<group>"; };
		8BCA23E32D1EC7F300DE56C3 /* CryptoDetailsRepositoryImpl.swift */ = {isa = PBXFileReference; lastKnownFileType = sourcecode.swift; path = CryptoDetailsRepositoryImpl.swift; sourceTree = "<group>"; };
		8BCA23E52D1EC9BD00DE56C3 /* CryptoDetails.swift */ = {isa = PBXFileReference; lastKnownFileType = sourcecode.swift; path = CryptoDetails.swift; sourceTree = "<group>"; };
		8BCA23E72D1EC9D700DE56C3 /* Repository.swift */ = {isa = PBXFileReference; lastKnownFileType = sourcecode.swift; path = Repository.swift; sourceTree = "<group>"; };
		8BCA23EA2D1ECBC500DE56C3 /* NetworkManagerTests.swift */ = {isa = PBXFileReference; lastKnownFileType = sourcecode.swift; path = NetworkManagerTests.swift; sourceTree = "<group>"; };
		8BCA23ED2D1ECF3A00DE56C3 /* Mocks.swift */ = {isa = PBXFileReference; lastKnownFileType = sourcecode.swift; path = Mocks.swift; sourceTree = "<group>"; };
		8BCA23EF2D1ECFE000DE56C3 /* CoreDataServiceTests.swift */ = {isa = PBXFileReference; lastKnownFileType = sourcecode.swift; path = CoreDataServiceTests.swift; sourceTree = "<group>"; };
		8BCA23F22D1ED1FF00DE56C3 /* MockFetchPricesUseCase.swift */ = {isa = PBXFileReference; lastKnownFileType = sourcecode.swift; path = MockFetchPricesUseCase.swift; sourceTree = "<group>"; };
		8BCA23F42D1ED22900DE56C3 /* BaseCryptoViewModelTests.swift */ = {isa = PBXFileReference; lastKnownFileType = sourcecode.swift; path = BaseCryptoViewModelTests.swift; sourceTree = "<group>"; };
		8BCA23F62D1ED23A00DE56C3 /* CryptoSearchViewModelTests.swift */ = {isa = PBXFileReference; lastKnownFileType = sourcecode.swift; path = CryptoSearchViewModelTests.swift; sourceTree = "<group>"; };
		8BCDA13F2D1E31810013D5D3 /* NotificationObserver.swift */ = {isa = PBXFileReference; lastKnownFileType = sourcecode.swift; path = NotificationObserver.swift; sourceTree = "<group>"; };
		8BD135002D16EE4F008913D4 /* Cryptocurrency Tracking.app */ = {isa = PBXFileReference; explicitFileType = wrapper.application; includeInIndex = 0; path = "Cryptocurrency Tracking.app"; sourceTree = BUILT_PRODUCTS_DIR; };
		8BD135032D16EE4F008913D4 /* Cryptocurrency_TrackingApp.swift */ = {isa = PBXFileReference; lastKnownFileType = sourcecode.swift; path = Cryptocurrency_TrackingApp.swift; sourceTree = "<group>"; };
		8BD135052D16EE4F008913D4 /* ContentView.swift */ = {isa = PBXFileReference; lastKnownFileType = sourcecode.swift; path = ContentView.swift; sourceTree = "<group>"; };
		8BD135072D16EE50008913D4 /* Assets.xcassets */ = {isa = PBXFileReference; lastKnownFileType = folder.assetcatalog; path = Assets.xcassets; sourceTree = "<group>"; };
		8BD135092D16EE50008913D4 /* Cryptocurrency_Tracking.entitlements */ = {isa = PBXFileReference; lastKnownFileType = text.plist.entitlements; path = Cryptocurrency_Tracking.entitlements; sourceTree = "<group>"; };
		8BD1350B2D16EE50008913D4 /* Preview Assets.xcassets */ = {isa = PBXFileReference; lastKnownFileType = folder.assetcatalog; path = "Preview Assets.xcassets"; sourceTree = "<group>"; };
		8BD135112D16EE51008913D4 /* Cryptocurrency TrackingTests.xctest */ = {isa = PBXFileReference; explicitFileType = wrapper.cfbundle; includeInIndex = 0; path = "Cryptocurrency TrackingTests.xctest"; sourceTree = BUILT_PRODUCTS_DIR; };
		8BD135152D16EE51008913D4 /* Cryptocurrency_TrackingTests.swift */ = {isa = PBXFileReference; lastKnownFileType = sourcecode.swift; path = Cryptocurrency_TrackingTests.swift; sourceTree = "<group>"; };
		8BD1352F2D16EED0008913D4 /* NetworkService.swift */ = {isa = PBXFileReference; lastKnownFileType = sourcecode.swift; path = NetworkService.swift; sourceTree = "<group>"; };
		8BD135312D16EEF0008913D4 /* APIEndpoint.swift */ = {isa = PBXFileReference; lastKnownFileType = sourcecode.swift; path = APIEndpoint.swift; sourceTree = "<group>"; };
		8BD135332D16EF22008913D4 /* NetworkManager.swift */ = {isa = PBXFileReference; lastKnownFileType = sourcecode.swift; path = NetworkManager.swift; sourceTree = "<group>"; };
		8BD135392D16F13A008913D4 /* FetchPricesUseCase.swift */ = {isa = PBXFileReference; lastKnownFileType = sourcecode.swift; path = FetchPricesUseCase.swift; sourceTree = "<group>"; };
		8BD1353B2D16F171008913D4 /* CryptocurrencyUIModel.swift */ = {isa = PBXFileReference; lastKnownFileType = sourcecode.swift; path = CryptocurrencyUIModel.swift; sourceTree = "<group>"; };
		8BD135422D16F288008913D4 /* CryptoRepositoryImpl.swift */ = {isa = PBXFileReference; lastKnownFileType = sourcecode.swift; path = CryptoRepositoryImpl.swift; sourceTree = "<group>"; };
		8BD135442D16F2B4008913D4 /* CryptoRepository.swift */ = {isa = PBXFileReference; lastKnownFileType = sourcecode.swift; path = CryptoRepository.swift; sourceTree = "<group>"; };
		8BD135472D16F32A008913D4 /* CryptoSearchViewModel.swift */ = {isa = PBXFileReference; lastKnownFileType = sourcecode.swift; path = CryptoSearchViewModel.swift; sourceTree = "<group>"; };
		8BD135492D171BAC008913D4 /* SearchCryptocurrenciesView.swift */ = {isa = PBXFileReference; lastKnownFileType = sourcecode.swift; path = SearchCryptocurrenciesView.swift; sourceTree = "<group>"; };
		8BD1354E2D171D59008913D4 /* FavoritesService.swift */ = {isa = PBXFileReference; lastKnownFileType = sourcecode.swift; path = FavoritesService.swift; sourceTree = "<group>"; };
		8BD135502D1762BB008913D4 /* MainTabView.swift */ = {isa = PBXFileReference; lastKnownFileType = sourcecode.swift; path = MainTabView.swift; sourceTree = "<group>"; };
		8BD135532D176342008913D4 /* FavoriteCryptocurrenciesView.swift */ = {isa = PBXFileReference; lastKnownFileType = sourcecode.swift; path = FavoriteCryptocurrenciesView.swift; sourceTree = "<group>"; };
		8BD135552D176443008913D4 /* FavoritesViewModel.swift */ = {isa = PBXFileReference; lastKnownFileType = sourcecode.swift; path = FavoritesViewModel.swift; sourceTree = "<group>"; };
		8BD135572D176EC1008913D4 /* RealTimePricesView.swift */ = {isa = PBXFileReference; lastKnownFileType = sourcecode.swift; path = RealTimePricesView.swift; sourceTree = "<group>"; };
		8BD1355A2D176F2F008913D4 /* RealTimePricesViewModel.swift */ = {isa = PBXFileReference; lastKnownFileType = sourcecode.swift; path = RealTimePricesViewModel.swift; sourceTree = "<group>"; };
		8BD1355D2D17735E008913D4 /* CryptoDetailsViewModel.swift */ = {isa = PBXFileReference; lastKnownFileType = sourcecode.swift; path = CryptoDetailsViewModel.swift; sourceTree = "<group>"; };
		8BD1355F2D17738B008913D4 /* CryptoDetailsView.swift */ = {isa = PBXFileReference; lastKnownFileType = sourcecode.swift; path = CryptoDetailsView.swift; sourceTree = "<group>"; };
		8BD1356C2D18A511008913D4 /* LocalDatabaseService.swift */ = {isa = PBXFileReference; lastKnownFileType = sourcecode.swift; path = LocalDatabaseService.swift; sourceTree = "<group>"; };
		8BD1356F2D18A8E3008913D4 /* CryptoCardView.swift */ = {isa = PBXFileReference; lastKnownFileType = sourcecode.swift; path = CryptoCardView.swift; sourceTree = "<group>"; };
		8BF7E4CD2D1EE28C00C9704B /* RealTimePricesViewModelTests.swift */ = {isa = PBXFileReference; lastKnownFileType = sourcecode.swift; path = RealTimePricesViewModelTests.swift; sourceTree = "<group>"; };
		8BF7E4CF2D1EE7CC00C9704B /* CryptoDetailsViewModelTests.swift */ = {isa = PBXFileReference; lastKnownFileType = sourcecode.swift; path = CryptoDetailsViewModelTests.swift; sourceTree = "<group>"; };
		8BF7E4D12D1EE7E300C9704B /* MockFetchDetailUseCase.swift */ = {isa = PBXFileReference; lastKnownFileType = sourcecode.swift; path = MockFetchDetailUseCase.swift; sourceTree = "<group>"; };
		8BF7E4D32D1EEA6300C9704B /* FavoritesViewModelTests.swift */ = {isa = PBXFileReference; lastKnownFileType = sourcecode.swift; path = FavoritesViewModelTests.swift; sourceTree = "<group>"; };
		8BF7E4D62D1EEF5D00C9704B /* CryptoRepositoryTests.swift */ = {isa = PBXFileReference; lastKnownFileType = sourcecode.swift; path = CryptoRepositoryTests.swift; sourceTree = "<group>"; };
		8BF7E4D82D1F477C00C9704B /* Configuration.swift */ = {isa = PBXFileReference; lastKnownFileType = sourcecode.swift; path = Configuration.swift; sourceTree = "<group>"; };
/* End PBXFileReference section */

/* Begin PBXFrameworksBuildPhase section */
		8BD134FD2D16EE4F008913D4 /* Frameworks */ = {
			isa = PBXFrameworksBuildPhase;
			buildActionMask = 2147483647;
			files = (
			);
			runOnlyForDeploymentPostprocessing = 0;
		};
		8BD1350E2D16EE51008913D4 /* Frameworks */ = {
			isa = PBXFrameworksBuildPhase;
			buildActionMask = 2147483647;
			files = (
			);
			runOnlyForDeploymentPostprocessing = 0;
		};
/* End PBXFrameworksBuildPhase section */

/* Begin PBXGroup section */
		8B12CF402D197CCD005A825D /* Frameworks */ = {
			isa = PBXGroup;
			children = (
			);
			name = Frameworks;
			sourceTree = "<group>";
		};
		8B3949B42D1AF54400B42FAB /* Use Cases */ = {
			isa = PBXGroup;
			children = (
				8B3949B52D1AF63500B42FAB /* FetchDetailUseCase.swift */,
			);
			path = "Use Cases";
			sourceTree = "<group>";
		};
		8B394A302D1C589C00B42FAB /* Bases */ = {
			isa = PBXGroup;
			children = (
				8B394A312D1C58B600B42FAB /* BaseViewModel.swift */,
			);
			path = Bases;
			sourceTree = "<group>";
		};
		8B5E89282D1ABC2900DE5700 /* State */ = {
			isa = PBXGroup;
			children = (
				8B5E89262D1ABC2900DE5700 /* ErrorView.swift */,
				8B5E89272D1ABC2900DE5700 /* LoadingView.swift */,
			);
			path = State;
			sourceTree = "<group>";
		};
		8B8F31412D19D6F7003AF235 /* Enums */ = {
			isa = PBXGroup;
			children = (
				8B394A2E2D1C213800B42FAB /* AppError.swift */,
				8B8F31402D19D6F7003AF235 /* ResourceState.swift */,
				8B8F31602D1A1EE9003AF235 /* VieState.swift */,
			);
			name = Enums;
			path = ../../../../../../../Desktop/Enums;
			sourceTree = "<group>";
		};
		8B8F31512D19D7C1003AF235 /* Extensions */ = {
			isa = PBXGroup;
			children = (
				8B8F314F2D19D7C1003AF235 /* Color.swift */,
				8B8F31502D19D7C1003AF235 /* HTTPURLResponse.swift */,
			);
			path = Extensions;
			sourceTree = "<group>";
		};
		8B8F31552D19D7C1003AF235 /* Utils */ = {
			isa = PBXGroup;
			children = (
				8B8F31522D19D7C1003AF235 /* Formatter.swift */,
				8BCDA13F2D1E31810013D5D3 /* NotificationObserver.swift */,
			);
			path = Utils;
			sourceTree = "<group>";
		};
		8B8F315D2D1A1AAD003AF235 /* Presentation */ = {
			isa = PBXGroup;
			children = (
				8BD135662D18A3DE008913D4 /* View */,
				8BD135672D18A3DE008913D4 /* View Model */,
			);
			path = Presentation;
			sourceTree = "<group>";
		};
		8BCA23DD2D1EC64700DE56C3 /* Presentation */ = {
			isa = PBXGroup;
			children = (
				8BD1356B2D18A3F6008913D4 /* View */,
				8BD1356A2D18A3F6008913D4 /* View Model */,
			);
			path = Presentation;
			sourceTree = "<group>";
		};
		8BCA23DF2D1EC73600DE56C3 /* Repository */ = {
			isa = PBXGroup;
			children = (
				8BD135422D16F288008913D4 /* CryptoRepositoryImpl.swift */,
			);
			path = Repository;
			sourceTree = "<group>";
		};
		8BCA23E02D1EC75400DE56C3 /* Presentation */ = {
			isa = PBXGroup;
			children = (
				8BD135692D18A3E2008913D4 /* View */,
				8BD135682D18A3E2008913D4 /* View Model */,
			);
			path = Presentation;
			sourceTree = "<group>";
		};
		8BCA23E12D1EC7A100DE56C3 /* Repository */ = {
			isa = PBXGroup;
			children = (
				8BCA23E32D1EC7F300DE56C3 /* CryptoDetailsRepositoryImpl.swift */,
			);
			path = Repository;
			sourceTree = "<group>";
		};
		8BCA23E22D1EC7AC00DE56C3 /* Presentation */ = {
			isa = PBXGroup;
			children = (
				8BD135642D18A3BB008913D4 /* View */,
				8BD135652D18A3C3008913D4 /* View Model */,
			);
			path = Presentation;
			sourceTree = "<group>";
		};
		8BCA23E92D1ECBAA00DE56C3 /* Core */ = {
			isa = PBXGroup;
			children = (
				8BCA23EA2D1ECBC500DE56C3 /* NetworkManagerTests.swift */,
				8BCA23EF2D1ECFE000DE56C3 /* CoreDataServiceTests.swift */,
			);
			path = Core;
			sourceTree = "<group>";
		};
		8BCA23EC2D1ECF2C00DE56C3 /* Mocks */ = {
			isa = PBXGroup;
			children = (
				8BCA23ED2D1ECF3A00DE56C3 /* Mocks.swift */,
				8BCA23F22D1ED1FF00DE56C3 /* MockFetchPricesUseCase.swift */,
				8BF7E4D12D1EE7E300C9704B /* MockFetchDetailUseCase.swift */,
			);
			path = Mocks;
			sourceTree = "<group>";
		};
		8BCA23F12D1ED1A200DE56C3 /* View Models */ = {
			isa = PBXGroup;
			children = (
				8BCA23F42D1ED22900DE56C3 /* BaseCryptoViewModelTests.swift */,
				8BCA23F62D1ED23A00DE56C3 /* CryptoSearchViewModelTests.swift */,
				8BF7E4CD2D1EE28C00C9704B /* RealTimePricesViewModelTests.swift */,
				8BF7E4CF2D1EE7CC00C9704B /* CryptoDetailsViewModelTests.swift */,
				8BF7E4D32D1EEA6300C9704B /* FavoritesViewModelTests.swift */,
			);
			path = "View Models";
			sourceTree = "<group>";
		};
		8BD134F72D16EE4F008913D4 = {
			isa = PBXGroup;
			children = (
				8BD135022D16EE4F008913D4 /* Cryptocurrency Tracking */,
				8BD135142D16EE51008913D4 /* Cryptocurrency TrackingTests */,
				8BD135012D16EE4F008913D4 /* Products */,
				8B12CF402D197CCD005A825D /* Frameworks */,
			);
			sourceTree = "<group>";
		};
		8BD135012D16EE4F008913D4 /* Products */ = {
			isa = PBXGroup;
			children = (
				8BD135002D16EE4F008913D4 /* Cryptocurrency Tracking.app */,
				8BD135112D16EE51008913D4 /* Cryptocurrency TrackingTests.xctest */,
			);
			name = Products;
			sourceTree = "<group>";
		};
		8BD135022D16EE4F008913D4 /* Cryptocurrency Tracking */ = {
			isa = PBXGroup;
			children = (
				8BD135632D18A2D3008913D4 /* Features */,
				8BD135612D18995B008913D4 /* Core */,
				8BD135382D16F0DD008913D4 /* Domain */,
				8BD135032D16EE4F008913D4 /* Cryptocurrency_TrackingApp.swift */,
				8BD135052D16EE4F008913D4 /* ContentView.swift */,
				8BD135072D16EE50008913D4 /* Assets.xcassets */,
				8BD135092D16EE50008913D4 /* Cryptocurrency_Tracking.entitlements */,
				8BD1350A2D16EE50008913D4 /* Preview Content */,
			);
			path = "Cryptocurrency Tracking";
			sourceTree = "<group>";
		};
		8BD1350A2D16EE50008913D4 /* Preview Content */ = {
			isa = PBXGroup;
			children = (
				8BD1350B2D16EE50008913D4 /* Preview Assets.xcassets */,
			);
			path = "Preview Content";
			sourceTree = "<group>";
		};
		8BD135142D16EE51008913D4 /* Cryptocurrency TrackingTests */ = {
			isa = PBXGroup;
			children = (
				8BCA23EC2D1ECF2C00DE56C3 /* Mocks */,
				8BF7E4D52D1EEF5100C9704B /* Repository */,
				8BCA23F12D1ED1A200DE56C3 /* View Models */,
				8BCA23E92D1ECBAA00DE56C3 /* Core */,
				8BD135152D16EE51008913D4 /* Cryptocurrency_TrackingTests.swift */,
			);
			path = "Cryptocurrency TrackingTests";
			sourceTree = "<group>";
		};
		8BD1352E2D16EEB9008913D4 /* Data */ = {
			isa = PBXGroup;
			children = (
				8BD135362D16EF95008913D4 /* Network */,
				8BD1354B2D171D3A008913D4 /* Local Data */,
				8BD135372D16EFA3008913D4 /* Models */,
			);
			path = Data;
			sourceTree = "<group>";
		};
		8BD135362D16EF95008913D4 /* Network */ = {
			isa = PBXGroup;
			children = (
				8BD1352F2D16EED0008913D4 /* NetworkService.swift */,
				8BD135312D16EEF0008913D4 /* APIEndpoint.swift */,
				8BD135332D16EF22008913D4 /* NetworkManager.swift */,
				8B5E892B2D1ACE8F00DE5700 /* NetworkMonitor.swift */,
				8BF7E4D82D1F477C00C9704B /* Configuration.swift */,
			);
			path = Network;
			sourceTree = "<group>";
		};
		8BD135372D16EFA3008913D4 /* Models */ = {
			isa = PBXGroup;
			children = (
				8BD1353B2D16F171008913D4 /* CryptocurrencyUIModel.swift */,
				8B394A2A2D1C1AF300B42FAB /* TickerModel.swift */,
			);
			path = Models;
			sourceTree = "<group>";
		};
		8BD135382D16F0DD008913D4 /* Domain */ = {
			isa = PBXGroup;
			children = (
				8BD1353F2D16F20A008913D4 /* Repository */,
			);
			path = Domain;
			sourceTree = "<group>";
		};
		8BD1353F2D16F20A008913D4 /* Repository */ = {
			isa = PBXGroup;
			children = (
				8BCA23E72D1EC9D700DE56C3 /* Repository.swift */,
				8BD135442D16F2B4008913D4 /* CryptoRepository.swift */,
				8BCA23E52D1EC9BD00DE56C3 /* CryptoDetails.swift */,
			);
			path = Repository;
			sourceTree = "<group>";
		};
		8BD135402D16F237008913D4 /* Use Cases */ = {
			isa = PBXGroup;
			children = (
				8BD135392D16F13A008913D4 /* FetchPricesUseCase.swift */,
			);
			path = "Use Cases";
			sourceTree = "<group>";
		};
		8BD135412D16F27E008913D4 /* Repository */ = {
			isa = PBXGroup;
			children = (
				8BCA23DB2D1E3FE200DE56C3 /* FavoritesRepository.swift */,
			);
			path = Repository;
			sourceTree = "<group>";
		};
		8BD135462D16F303008913D4 /* 01-SearchCrypto */ = {
			isa = PBXGroup;
			children = (
				8BCA23DF2D1EC73600DE56C3 /* Repository */,
				8BD135402D16F237008913D4 /* Use Cases */,
				8BCA23DD2D1EC64700DE56C3 /* Presentation */,
			);
			path = "01-SearchCrypto";
			sourceTree = "<group>";
		};
		8BD1354B2D171D3A008913D4 /* Local Data */ = {
			isa = PBXGroup;
			children = (
				8BD1354E2D171D59008913D4 /* FavoritesService.swift */,
				8BD1356C2D18A511008913D4 /* LocalDatabaseService.swift */,
				8B394A372D1CDFB300B42FAB /* Model.xcdatamodeld */,
			);
			path = "Local Data";
			sourceTree = "<group>";
		};
		8BD135522D1762FE008913D4 /* 03-Favorites */ = {
			isa = PBXGroup;
			children = (
				8BD135412D16F27E008913D4 /* Repository */,
				8BCA23E02D1EC75400DE56C3 /* Presentation */,
			);
			path = "03-Favorites";
			sourceTree = "<group>";
		};
		8BD135592D176F13008913D4 /* 02-Prices */ = {
			isa = PBXGroup;
			children = (
				8B8F315D2D1A1AAD003AF235 /* Presentation */,
			);
			path = "02-Prices";
			sourceTree = "<group>";
		};
		8BD1355C2D177351008913D4 /* 04-Detail */ = {
			isa = PBXGroup;
			children = (
				8BCA23E12D1EC7A100DE56C3 /* Repository */,
				8B3949B42D1AF54400B42FAB /* Use Cases */,
				8BCA23E22D1EC7AC00DE56C3 /* Presentation */,
			);
			path = "04-Detail";
			sourceTree = "<group>";
		};
		8BD135612D18995B008913D4 /* Core */ = {
			isa = PBXGroup;
			children = (
				8B394A302D1C589C00B42FAB /* Bases */,
				8B8F31512D19D7C1003AF235 /* Extensions */,
				8B8F31552D19D7C1003AF235 /* Utils */,
				8B8F31412D19D6F7003AF235 /* Enums */,
				8BD1356E2D18A56E008913D4 /* UI */,
				8BD1352E2D16EEB9008913D4 /* Data */,
			);
			path = Core;
			sourceTree = "<group>";
		};
		8BD135632D18A2D3008913D4 /* Features */ = {
			isa = PBXGroup;
			children = (
				8BD135502D1762BB008913D4 /* MainTabView.swift */,
				8B8F315E2D1A1AFE003AF235 /* AppCoordinator.swift */,
				8BD135462D16F303008913D4 /* 01-SearchCrypto */,
				8BD135592D176F13008913D4 /* 02-Prices */,
				8BD135522D1762FE008913D4 /* 03-Favorites */,
				8BD1355C2D177351008913D4 /* 04-Detail */,
			);
			path = Features;
			sourceTree = "<group>";
		};
		8BD135642D18A3BB008913D4 /* View */ = {
			isa = PBXGroup;
			children = (
				8BD1355F2D17738B008913D4 /* CryptoDetailsView.swift */,
				8B394A352D1CD92200B42FAB /* DetailView.swift */,
			);
			path = View;
			sourceTree = "<group>";
		};
		8BD135652D18A3C3008913D4 /* View Model */ = {
			isa = PBXGroup;
			children = (
				8BD1355D2D17735E008913D4 /* CryptoDetailsViewModel.swift */,
			);
			path = "View Model";
			sourceTree = "<group>";
		};
		8BD135662D18A3DE008913D4 /* View */ = {
			isa = PBXGroup;
			children = (
				8BD135572D176EC1008913D4 /* RealTimePricesView.swift */,
			);
			path = View;
			sourceTree = "<group>";
		};
		8BD135672D18A3DE008913D4 /* View Model */ = {
			isa = PBXGroup;
			children = (
				8BD1355A2D176F2F008913D4 /* RealTimePricesViewModel.swift */,
			);
			path = "View Model";
			sourceTree = "<group>";
		};
		8BD135682D18A3E2008913D4 /* View Model */ = {
			isa = PBXGroup;
			children = (
				8BD135552D176443008913D4 /* FavoritesViewModel.swift */,
			);
			path = "View Model";
			sourceTree = "<group>";
		};
		8BD135692D18A3E2008913D4 /* View */ = {
			isa = PBXGroup;
			children = (
				8BD135532D176342008913D4 /* FavoriteCryptocurrenciesView.swift */,
			);
			path = View;
			sourceTree = "<group>";
		};
		8BD1356A2D18A3F6008913D4 /* View Model */ = {
			isa = PBXGroup;
			children = (
				8BD135472D16F32A008913D4 /* CryptoSearchViewModel.swift */,
			);
			path = "View Model";
			sourceTree = "<group>";
		};
		8BD1356B2D18A3F6008913D4 /* View */ = {
			isa = PBXGroup;
			children = (
				8BD135492D171BAC008913D4 /* SearchCryptocurrenciesView.swift */,
			);
			path = View;
			sourceTree = "<group>";
		};
		8BD1356E2D18A56E008913D4 /* UI */ = {
			isa = PBXGroup;
			children = (
				8B394A332D1C601700B42FAB /* CryptoListView.swift */,
				8BD1356F2D18A8E3008913D4 /* CryptoCardView.swift */,
				8B5E89282D1ABC2900DE5700 /* State */,
			);
			path = UI;
			sourceTree = "<group>";
		};
		8BF7E4D52D1EEF5100C9704B /* Repository */ = {
			isa = PBXGroup;
			children = (
				8BF7E4D62D1EEF5D00C9704B /* CryptoRepositoryTests.swift */,
			);
			path = Repository;
			sourceTree = "<group>";
		};
/* End PBXGroup section */

/* Begin PBXNativeTarget section */
		8BD134FF2D16EE4F008913D4 /* Cryptocurrency Tracking */ = {
			isa = PBXNativeTarget;
			buildConfigurationList = 8BD135252D16EE51008913D4 /* Build configuration list for PBXNativeTarget "Cryptocurrency Tracking" */;
			buildPhases = (
				8BD134FC2D16EE4F008913D4 /* Sources */,
				8BD134FD2D16EE4F008913D4 /* Frameworks */,
				8BD134FE2D16EE4F008913D4 /* Resources */,
			);
			buildRules = (
			);
			dependencies = (
			);
			name = "Cryptocurrency Tracking";
			packageProductDependencies = (
			);
			productName = "Cryptocurrency Tracking";
			productReference = 8BD135002D16EE4F008913D4 /* Cryptocurrency Tracking.app */;
			productType = "com.apple.product-type.application";
		};
		8BD135102D16EE51008913D4 /* Cryptocurrency TrackingTests */ = {
			isa = PBXNativeTarget;
			buildConfigurationList = 8BD135282D16EE51008913D4 /* Build configuration list for PBXNativeTarget "Cryptocurrency TrackingTests" */;
			buildPhases = (
				8BD1350D2D16EE51008913D4 /* Sources */,
				8BD1350E2D16EE51008913D4 /* Frameworks */,
				8BD1350F2D16EE51008913D4 /* Resources */,
			);
			buildRules = (
			);
			dependencies = (
				8BD135132D16EE51008913D4 /* PBXTargetDependency */,
			);
			name = "Cryptocurrency TrackingTests";
			productName = "Cryptocurrency TrackingTests";
			productReference = 8BD135112D16EE51008913D4 /* Cryptocurrency TrackingTests.xctest */;
			productType = "com.apple.product-type.bundle.unit-test";
		};
/* End PBXNativeTarget section */

/* Begin PBXProject section */
		8BD134F82D16EE4F008913D4 /* Project object */ = {
			isa = PBXProject;
			attributes = {
				BuildIndependentTargetsInParallel = 1;
				LastSwiftUpdateCheck = 1540;
				LastUpgradeCheck = 1540;
				TargetAttributes = {
					8BD134FF2D16EE4F008913D4 = {
						CreatedOnToolsVersion = 15.4;
					};
					8BD135102D16EE51008913D4 = {
						CreatedOnToolsVersion = 15.4;
						TestTargetID = 8BD134FF2D16EE4F008913D4;
					};
				};
			};
			buildConfigurationList = 8BD134FB2D16EE4F008913D4 /* Build configuration list for PBXProject "Cryptocurrency Tracking" */;
			compatibilityVersion = "Xcode 14.0";
			developmentRegion = en;
			hasScannedForEncodings = 0;
			knownRegions = (
				en,
				Base,
			);
			mainGroup = 8BD134F72D16EE4F008913D4;
			packageReferences = (
			);
			productRefGroup = 8BD135012D16EE4F008913D4 /* Products */;
			projectDirPath = "";
			projectRoot = "";
			targets = (
				8BD134FF2D16EE4F008913D4 /* Cryptocurrency Tracking */,
				8BD135102D16EE51008913D4 /* Cryptocurrency TrackingTests */,
			);
		};
/* End PBXProject section */

/* Begin PBXResourcesBuildPhase section */
		8BD134FE2D16EE4F008913D4 /* Resources */ = {
			isa = PBXResourcesBuildPhase;
			buildActionMask = 2147483647;
			files = (
				8BD1350C2D16EE50008913D4 /* Preview Assets.xcassets in Resources */,
				8BD135082D16EE50008913D4 /* Assets.xcassets in Resources */,
			);
			runOnlyForDeploymentPostprocessing = 0;
		};
		8BD1350F2D16EE51008913D4 /* Resources */ = {
			isa = PBXResourcesBuildPhase;
			buildActionMask = 2147483647;
			files = (
			);
			runOnlyForDeploymentPostprocessing = 0;
		};
/* End PBXResourcesBuildPhase section */

/* Begin PBXSourcesBuildPhase section */
		8BD134FC2D16EE4F008913D4 /* Sources */ = {
			isa = PBXSourcesBuildPhase;
			buildActionMask = 2147483647;
			files = (
				8BD1356D2D18A511008913D4 /* LocalDatabaseService.swift in Sources */,
				8BD135562D176443008913D4 /* FavoritesViewModel.swift in Sources */,
				8B8F31572D19D7C1003AF235 /* HTTPURLResponse.swift in Sources */,
				8BD135432D16F288008913D4 /* CryptoRepositoryImpl.swift in Sources */,
				8BCDA1402D1E31810013D5D3 /* NotificationObserver.swift in Sources */,
				8BD135062D16EE4F008913D4 /* ContentView.swift in Sources */,
				8B394A322D1C58B600B42FAB /* BaseViewModel.swift in Sources */,
				8BD135702D18A8E3008913D4 /* CryptoCardView.swift in Sources */,
				8B8F31562D19D7C1003AF235 /* Color.swift in Sources */,
				8BF7E4D92D1F477C00C9704B /* Configuration.swift in Sources */,
				8BD135542D176342008913D4 /* FavoriteCryptocurrenciesView.swift in Sources */,
				8BD135302D16EED0008913D4 /* NetworkService.swift in Sources */,
				8B394A392D1CDFB300B42FAB /* Model.xcdatamodeld in Sources */,
				8B8F315F2D1A1AFE003AF235 /* AppCoordinator.swift in Sources */,
				8B8F31422D19D6F7003AF235 /* ResourceState.swift in Sources */,
				8B8F31612D1A1EE9003AF235 /* VieState.swift in Sources */,
				8BCA23E42D1EC7F300DE56C3 /* CryptoDetailsRepositoryImpl.swift in Sources */,
				8BD135482D16F32A008913D4 /* CryptoSearchViewModel.swift in Sources */,
				8B394A2B2D1C1AF300B42FAB /* TickerModel.swift in Sources */,
				8BD135602D17738B008913D4 /* CryptoDetailsView.swift in Sources */,
				8BD1353A2D16F13A008913D4 /* FetchPricesUseCase.swift in Sources */,
				8B5E89292D1ABC2900DE5700 /* ErrorView.swift in Sources */,
				8B394A2F2D1C213800B42FAB /* AppError.swift in Sources */,
				8B8F31582D19D7C1003AF235 /* Formatter.swift in Sources */,
				8BCA23E62D1EC9BD00DE56C3 /* CryptoDetails.swift in Sources */,
				8BD135582D176EC1008913D4 /* RealTimePricesView.swift in Sources */,
				8BD135342D16EF22008913D4 /* NetworkManager.swift in Sources */,
				8B5E892C2D1ACE8F00DE5700 /* NetworkMonitor.swift in Sources */,
				8BD1355B2D176F2F008913D4 /* RealTimePricesViewModel.swift in Sources */,
				8B394A342D1C601700B42FAB /* CryptoListView.swift in Sources */,
				8BD1355E2D17735E008913D4 /* CryptoDetailsViewModel.swift in Sources */,
				8BD135042D16EE4F008913D4 /* Cryptocurrency_TrackingApp.swift in Sources */,
				8BD135512D1762BC008913D4 /* MainTabView.swift in Sources */,
				8BD135452D16F2B4008913D4 /* CryptoRepository.swift in Sources */,
				8BD1353C2D16F171008913D4 /* CryptocurrencyUIModel.swift in Sources */,
				8BD1354F2D171D59008913D4 /* FavoritesService.swift in Sources */,
				8BCA23E82D1EC9D700DE56C3 /* Repository.swift in Sources */,
				8BD135322D16EEF0008913D4 /* APIEndpoint.swift in Sources */,
				8B3949B62D1AF63500B42FAB /* FetchDetailUseCase.swift in Sources */,
				8B394A362D1CD92200B42FAB /* DetailView.swift in Sources */,
				8BCA23DC2D1E3FE200DE56C3 /* FavoritesRepository.swift in Sources */,
				8B5E892A2D1ABC2900DE5700 /* LoadingView.swift in Sources */,
				8BD1354A2D171BAC008913D4 /* SearchCryptocurrenciesView.swift in Sources */,
			);
			runOnlyForDeploymentPostprocessing = 0;
		};
		8BD1350D2D16EE51008913D4 /* Sources */ = {
			isa = PBXSourcesBuildPhase;
			buildActionMask = 2147483647;
			files = (
				8BF7E4D42D1EEA6300C9704B /* FavoritesViewModelTests.swift in Sources */,
				8BCA23F52D1ED22900DE56C3 /* BaseCryptoViewModelTests.swift in Sources */,
				8BF7E4CE2D1EE28C00C9704B /* RealTimePricesViewModelTests.swift in Sources */,
				8BCA23F02D1ECFE000DE56C3 /* CoreDataServiceTests.swift in Sources */,
				8BF7E4D22D1EE7E300C9704B /* MockFetchDetailUseCase.swift in Sources */,
				8BCA23EB2D1ECBC500DE56C3 /* NetworkManagerTests.swift in Sources */,
				8BF7E4D72D1EEF5D00C9704B /* CryptoRepositoryTests.swift in Sources */,
				8BD135162D16EE51008913D4 /* Cryptocurrency_TrackingTests.swift in Sources */,
				8BCA23F32D1ED1FF00DE56C3 /* MockFetchPricesUseCase.swift in Sources */,
				8BCA23F72D1ED23A00DE56C3 /* CryptoSearchViewModelTests.swift in Sources */,
				8BCA23EE2D1ECF3A00DE56C3 /* Mocks.swift in Sources */,
				8BF7E4D02D1EE7CC00C9704B /* CryptoDetailsViewModelTests.swift in Sources */,
			);
			runOnlyForDeploymentPostprocessing = 0;
		};
/* End PBXSourcesBuildPhase section */

/* Begin PBXTargetDependency section */
		8BD135132D16EE51008913D4 /* PBXTargetDependency */ = {
			isa = PBXTargetDependency;
			target = 8BD134FF2D16EE4F008913D4 /* Cryptocurrency Tracking */;
			targetProxy = 8BD135122D16EE51008913D4 /* PBXContainerItemProxy */;
		};
/* End PBXTargetDependency section */

/* Begin XCBuildConfiguration section */
		8BD135232D16EE51008913D4 /* Debug */ = {
			isa = XCBuildConfiguration;
			buildSettings = {
				ALWAYS_SEARCH_USER_PATHS = NO;
				ASSETCATALOG_COMPILER_GENERATE_SWIFT_ASSET_SYMBOL_EXTENSIONS = YES;
				CLANG_ANALYZER_NONNULL = YES;
				CLANG_ANALYZER_NUMBER_OBJECT_CONVERSION = YES_AGGRESSIVE;
				CLANG_CXX_LANGUAGE_STANDARD = "gnu++20";
				CLANG_ENABLE_MODULES = YES;
				CLANG_ENABLE_OBJC_ARC = YES;
				CLANG_ENABLE_OBJC_WEAK = YES;
				CLANG_WARN_BLOCK_CAPTURE_AUTORELEASING = YES;
				CLANG_WARN_BOOL_CONVERSION = YES;
				CLANG_WARN_COMMA = YES;
				CLANG_WARN_CONSTANT_CONVERSION = YES;
				CLANG_WARN_DEPRECATED_OBJC_IMPLEMENTATIONS = YES;
				CLANG_WARN_DIRECT_OBJC_ISA_USAGE = YES_ERROR;
				CLANG_WARN_DOCUMENTATION_COMMENTS = YES;
				CLANG_WARN_EMPTY_BODY = YES;
				CLANG_WARN_ENUM_CONVERSION = YES;
				CLANG_WARN_INFINITE_RECURSION = YES;
				CLANG_WARN_INT_CONVERSION = YES;
				CLANG_WARN_NON_LITERAL_NULL_CONVERSION = YES;
				CLANG_WARN_OBJC_IMPLICIT_RETAIN_SELF = YES;
				CLANG_WARN_OBJC_LITERAL_CONVERSION = YES;
				CLANG_WARN_OBJC_ROOT_CLASS = YES_ERROR;
				CLANG_WARN_QUOTED_INCLUDE_IN_FRAMEWORK_HEADER = YES;
				CLANG_WARN_RANGE_LOOP_ANALYSIS = YES;
				CLANG_WARN_STRICT_PROTOTYPES = YES;
				CLANG_WARN_SUSPICIOUS_MOVE = YES;
				CLANG_WARN_UNGUARDED_AVAILABILITY = YES_AGGRESSIVE;
				CLANG_WARN_UNREACHABLE_CODE = YES;
				CLANG_WARN__DUPLICATE_METHOD_MATCH = YES;
				COPY_PHASE_STRIP = NO;
				DEBUG_INFORMATION_FORMAT = dwarf;
				ENABLE_STRICT_OBJC_MSGSEND = YES;
				ENABLE_TESTABILITY = YES;
				ENABLE_USER_SCRIPT_SANDBOXING = YES;
				GCC_C_LANGUAGE_STANDARD = gnu17;
				GCC_DYNAMIC_NO_PIC = NO;
				GCC_NO_COMMON_BLOCKS = YES;
				GCC_OPTIMIZATION_LEVEL = 0;
				GCC_PREPROCESSOR_DEFINITIONS = (
					"DEBUG=1",
					"$(inherited)",
				);
				GCC_WARN_64_TO_32_BIT_CONVERSION = YES;
				GCC_WARN_ABOUT_RETURN_TYPE = YES_ERROR;
				GCC_WARN_UNDECLARED_SELECTOR = YES;
				GCC_WARN_UNINITIALIZED_AUTOS = YES_AGGRESSIVE;
				GCC_WARN_UNUSED_FUNCTION = YES;
				GCC_WARN_UNUSED_VARIABLE = YES;
				LOCALIZATION_PREFERS_STRING_CATALOGS = YES;
				MTL_ENABLE_DEBUG_INFO = INCLUDE_SOURCE;
				MTL_FAST_MATH = YES;
				ONLY_ACTIVE_ARCH = YES;
				SWIFT_ACTIVE_COMPILATION_CONDITIONS = "DEBUG $(inherited)";
				SWIFT_OPTIMIZATION_LEVEL = "-Onone";
			};
			name = Debug;
		};
		8BD135242D16EE51008913D4 /* Release */ = {
			isa = XCBuildConfiguration;
			buildSettings = {
				ALWAYS_SEARCH_USER_PATHS = NO;
				ASSETCATALOG_COMPILER_GENERATE_SWIFT_ASSET_SYMBOL_EXTENSIONS = YES;
				CLANG_ANALYZER_NONNULL = YES;
				CLANG_ANALYZER_NUMBER_OBJECT_CONVERSION = YES_AGGRESSIVE;
				CLANG_CXX_LANGUAGE_STANDARD = "gnu++20";
				CLANG_ENABLE_MODULES = YES;
				CLANG_ENABLE_OBJC_ARC = YES;
				CLANG_ENABLE_OBJC_WEAK = YES;
				CLANG_WARN_BLOCK_CAPTURE_AUTORELEASING = YES;
				CLANG_WARN_BOOL_CONVERSION = YES;
				CLANG_WARN_COMMA = YES;
				CLANG_WARN_CONSTANT_CONVERSION = YES;
				CLANG_WARN_DEPRECATED_OBJC_IMPLEMENTATIONS = YES;
				CLANG_WARN_DIRECT_OBJC_ISA_USAGE = YES_ERROR;
				CLANG_WARN_DOCUMENTATION_COMMENTS = YES;
				CLANG_WARN_EMPTY_BODY = YES;
				CLANG_WARN_ENUM_CONVERSION = YES;
				CLANG_WARN_INFINITE_RECURSION = YES;
				CLANG_WARN_INT_CONVERSION = YES;
				CLANG_WARN_NON_LITERAL_NULL_CONVERSION = YES;
				CLANG_WARN_OBJC_IMPLICIT_RETAIN_SELF = YES;
				CLANG_WARN_OBJC_LITERAL_CONVERSION = YES;
				CLANG_WARN_OBJC_ROOT_CLASS = YES_ERROR;
				CLANG_WARN_QUOTED_INCLUDE_IN_FRAMEWORK_HEADER = YES;
				CLANG_WARN_RANGE_LOOP_ANALYSIS = YES;
				CLANG_WARN_STRICT_PROTOTYPES = YES;
				CLANG_WARN_SUSPICIOUS_MOVE = YES;
				CLANG_WARN_UNGUARDED_AVAILABILITY = YES_AGGRESSIVE;
				CLANG_WARN_UNREACHABLE_CODE = YES;
				CLANG_WARN__DUPLICATE_METHOD_MATCH = YES;
				COPY_PHASE_STRIP = NO;
				DEBUG_INFORMATION_FORMAT = "dwarf-with-dsym";
				ENABLE_NS_ASSERTIONS = NO;
				ENABLE_STRICT_OBJC_MSGSEND = YES;
				ENABLE_USER_SCRIPT_SANDBOXING = YES;
				GCC_C_LANGUAGE_STANDARD = gnu17;
				GCC_NO_COMMON_BLOCKS = YES;
				GCC_WARN_64_TO_32_BIT_CONVERSION = YES;
				GCC_WARN_ABOUT_RETURN_TYPE = YES_ERROR;
				GCC_WARN_UNDECLARED_SELECTOR = YES;
				GCC_WARN_UNINITIALIZED_AUTOS = YES_AGGRESSIVE;
				GCC_WARN_UNUSED_FUNCTION = YES;
				GCC_WARN_UNUSED_VARIABLE = YES;
				LOCALIZATION_PREFERS_STRING_CATALOGS = YES;
				MTL_ENABLE_DEBUG_INFO = NO;
				MTL_FAST_MATH = YES;
				SWIFT_COMPILATION_MODE = wholemodule;
			};
			name = Release;
		};
		8BD135262D16EE51008913D4 /* Debug */ = {
			isa = XCBuildConfiguration;
			buildSettings = {
				ASSETCATALOG_COMPILER_APPICON_NAME = AppIcon;
				ASSETCATALOG_COMPILER_GLOBAL_ACCENT_COLOR_NAME = AccentColor;
				CODE_SIGN_ENTITLEMENTS = "Cryptocurrency Tracking/Cryptocurrency_Tracking.entitlements";
				CODE_SIGN_STYLE = Automatic;
				CURRENT_PROJECT_VERSION = 1;
				DEVELOPMENT_ASSET_PATHS = "\"Cryptocurrency Tracking/Preview Content\"";
				DEVELOPMENT_TEAM = B6P4SMG8TM;
				ENABLE_HARDENED_RUNTIME = YES;
				ENABLE_PREVIEWS = YES;
				GENERATE_INFOPLIST_FILE = YES;
				"INFOPLIST_KEY_UIApplicationSceneManifest_Generation[sdk=iphoneos*]" = YES;
				"INFOPLIST_KEY_UIApplicationSceneManifest_Generation[sdk=iphonesimulator*]" = YES;
				"INFOPLIST_KEY_UIApplicationSupportsIndirectInputEvents[sdk=iphoneos*]" = YES;
				"INFOPLIST_KEY_UIApplicationSupportsIndirectInputEvents[sdk=iphonesimulator*]" = YES;
				"INFOPLIST_KEY_UILaunchScreen_Generation[sdk=iphoneos*]" = YES;
				"INFOPLIST_KEY_UILaunchScreen_Generation[sdk=iphonesimulator*]" = YES;
				"INFOPLIST_KEY_UIStatusBarStyle[sdk=iphoneos*]" = UIStatusBarStyleDefault;
				"INFOPLIST_KEY_UIStatusBarStyle[sdk=iphonesimulator*]" = UIStatusBarStyleDefault;
				INFOPLIST_KEY_UISupportedInterfaceOrientations_iPad = "UIInterfaceOrientationPortrait UIInterfaceOrientationPortraitUpsideDown UIInterfaceOrientationLandscapeLeft UIInterfaceOrientationLandscapeRight";
				INFOPLIST_KEY_UISupportedInterfaceOrientations_iPhone = "UIInterfaceOrientationPortrait UIInterfaceOrientationLandscapeLeft UIInterfaceOrientationLandscapeRight";
				IPHONEOS_DEPLOYMENT_TARGET = 16.0;
				LD_RUNPATH_SEARCH_PATHS = "@executable_path/Frameworks";
				"LD_RUNPATH_SEARCH_PATHS[sdk=macosx*]" = "@executable_path/../Frameworks";
				MACOSX_DEPLOYMENT_TARGET = 14.5;
				MARKETING_VERSION = 1.0;
				PRODUCT_BUNDLE_IDENTIFIER = "com.GenC.Cryptocurrency-Tracking";
				PRODUCT_NAME = "$(TARGET_NAME)";
				SDKROOT = auto;
				SUPPORTED_PLATFORMS = "iphoneos iphonesimulator macosx";
				SWIFT_EMIT_LOC_STRINGS = YES;
				SWIFT_VERSION = 5.0;
				TARGETED_DEVICE_FAMILY = "1,2";
			};
			name = Debug;
		};
		8BD135272D16EE51008913D4 /* Release */ = {
			isa = XCBuildConfiguration;
			buildSettings = {
				ASSETCATALOG_COMPILER_APPICON_NAME = AppIcon;
				ASSETCATALOG_COMPILER_GLOBAL_ACCENT_COLOR_NAME = AccentColor;
				CODE_SIGN_ENTITLEMENTS = "Cryptocurrency Tracking/Cryptocurrency_Tracking.entitlements";
				CODE_SIGN_STYLE = Automatic;
				CURRENT_PROJECT_VERSION = 1;
				DEVELOPMENT_ASSET_PATHS = "\"Cryptocurrency Tracking/Preview Content\"";
				DEVELOPMENT_TEAM = B6P4SMG8TM;
				ENABLE_HARDENED_RUNTIME = YES;
				ENABLE_PREVIEWS = YES;
				GENERATE_INFOPLIST_FILE = YES;
				"INFOPLIST_KEY_UIApplicationSceneManifest_Generation[sdk=iphoneos*]" = YES;
				"INFOPLIST_KEY_UIApplicationSceneManifest_Generation[sdk=iphonesimulator*]" = YES;
				"INFOPLIST_KEY_UIApplicationSupportsIndirectInputEvents[sdk=iphoneos*]" = YES;
				"INFOPLIST_KEY_UIApplicationSupportsIndirectInputEvents[sdk=iphonesimulator*]" = YES;
				"INFOPLIST_KEY_UILaunchScreen_Generation[sdk=iphoneos*]" = YES;
				"INFOPLIST_KEY_UILaunchScreen_Generation[sdk=iphonesimulator*]" = YES;
				"INFOPLIST_KEY_UIStatusBarStyle[sdk=iphoneos*]" = UIStatusBarStyleDefault;
				"INFOPLIST_KEY_UIStatusBarStyle[sdk=iphonesimulator*]" = UIStatusBarStyleDefault;
				INFOPLIST_KEY_UISupportedInterfaceOrientations_iPad = "UIInterfaceOrientationPortrait UIInterfaceOrientationPortraitUpsideDown UIInterfaceOrientationLandscapeLeft UIInterfaceOrientationLandscapeRight";
				INFOPLIST_KEY_UISupportedInterfaceOrientations_iPhone = "UIInterfaceOrientationPortrait UIInterfaceOrientationLandscapeLeft UIInterfaceOrientationLandscapeRight";
				IPHONEOS_DEPLOYMENT_TARGET = 16.0;
				LD_RUNPATH_SEARCH_PATHS = "@executable_path/Frameworks";
				"LD_RUNPATH_SEARCH_PATHS[sdk=macosx*]" = "@executable_path/../Frameworks";
				MACOSX_DEPLOYMENT_TARGET = 14.5;
				MARKETING_VERSION = 1.0;
				PRODUCT_BUNDLE_IDENTIFIER = "com.GenC.Cryptocurrency-Tracking";
				PRODUCT_NAME = "$(TARGET_NAME)";
				SDKROOT = auto;
				SUPPORTED_PLATFORMS = "iphoneos iphonesimulator macosx";
				SWIFT_EMIT_LOC_STRINGS = YES;
				SWIFT_VERSION = 5.0;
				TARGETED_DEVICE_FAMILY = "1,2";
			};
			name = Release;
		};
		8BD135292D16EE51008913D4 /* Debug */ = {
			isa = XCBuildConfiguration;
			buildSettings = {
				ALWAYS_EMBED_SWIFT_STANDARD_LIBRARIES = YES;
				BUNDLE_LOADER = "$(TEST_HOST)";
				CODE_SIGN_STYLE = Automatic;
				CURRENT_PROJECT_VERSION = 1;
				DEVELOPMENT_TEAM = B6P4SMG8TM;
				GENERATE_INFOPLIST_FILE = YES;
				IPHONEOS_DEPLOYMENT_TARGET = 17.5;
				MACOSX_DEPLOYMENT_TARGET = 14.5;
				MARKETING_VERSION = 1.0;
				PRODUCT_BUNDLE_IDENTIFIER = "com.GenC.Cryptocurrency-TrackingTests";
				PRODUCT_NAME = "$(TARGET_NAME)";
				SDKROOT = auto;
				SUPPORTED_PLATFORMS = "iphoneos iphonesimulator macosx";
				SWIFT_EMIT_LOC_STRINGS = NO;
				SWIFT_VERSION = 5.0;
				TARGETED_DEVICE_FAMILY = "1,2";
				TEST_HOST = "$(BUILT_PRODUCTS_DIR)/Cryptocurrency Tracking.app/$(BUNDLE_EXECUTABLE_FOLDER_PATH)/Cryptocurrency Tracking";
			};
			name = Debug;
		};
		8BD1352A2D16EE51008913D4 /* Release */ = {
			isa = XCBuildConfiguration;
			buildSettings = {
				ALWAYS_EMBED_SWIFT_STANDARD_LIBRARIES = YES;
				BUNDLE_LOADER = "$(TEST_HOST)";
				CODE_SIGN_STYLE = Automatic;
				CURRENT_PROJECT_VERSION = 1;
				DEVELOPMENT_TEAM = B6P4SMG8TM;
				GENERATE_INFOPLIST_FILE = YES;
				IPHONEOS_DEPLOYMENT_TARGET = 17.5;
				MACOSX_DEPLOYMENT_TARGET = 14.5;
				MARKETING_VERSION = 1.0;
				PRODUCT_BUNDLE_IDENTIFIER = "com.GenC.Cryptocurrency-TrackingTests";
				PRODUCT_NAME = "$(TARGET_NAME)";
				SDKROOT = auto;
				SUPPORTED_PLATFORMS = "iphoneos iphonesimulator macosx";
				SWIFT_EMIT_LOC_STRINGS = NO;
				SWIFT_VERSION = 5.0;
				TARGETED_DEVICE_FAMILY = "1,2";
				TEST_HOST = "$(BUILT_PRODUCTS_DIR)/Cryptocurrency Tracking.app/$(BUNDLE_EXECUTABLE_FOLDER_PATH)/Cryptocurrency Tracking";
			};
			name = Release;
		};
/* End XCBuildConfiguration section */

/* Begin XCConfigurationList section */
		8BD134FB2D16EE4F008913D4 /* Build configuration list for PBXProject "Cryptocurrency Tracking" */ = {
			isa = XCConfigurationList;
			buildConfigurations = (
				8BD135232D16EE51008913D4 /* Debug */,
				8BD135242D16EE51008913D4 /* Release */,
			);
			defaultConfigurationIsVisible = 0;
			defaultConfigurationName = Release;
		};
		8BD135252D16EE51008913D4 /* Build configuration list for PBXNativeTarget "Cryptocurrency Tracking" */ = {
			isa = XCConfigurationList;
			buildConfigurations = (
				8BD135262D16EE51008913D4 /* Debug */,
				8BD135272D16EE51008913D4 /* Release */,
			);
			defaultConfigurationIsVisible = 0;
			defaultConfigurationName = Release;
		};
		8BD135282D16EE51008913D4 /* Build configuration list for PBXNativeTarget "Cryptocurrency TrackingTests" */ = {
			isa = XCConfigurationList;
			buildConfigurations = (
				8BD135292D16EE51008913D4 /* Debug */,
				8BD1352A2D16EE51008913D4 /* Release */,
			);
			defaultConfigurationIsVisible = 0;
			defaultConfigurationName = Release;
		};
/* End XCConfigurationList section */

/* Begin XCVersionGroup section */
		8B394A372D1CDFB300B42FAB /* Model.xcdatamodeld */ = {
			isa = XCVersionGroup;
			children = (
				8B394A382D1CDFB300B42FAB /* CryptocurrencyEntity.xcdatamodel */,
			);
			currentVersion = 8B394A382D1CDFB300B42FAB /* CryptocurrencyEntity.xcdatamodel */;
			path = Model.xcdatamodeld;
			sourceTree = "<group>";
			versionGroupType = wrapper.xcdatamodel;
		};
/* End XCVersionGroup section */
	};
	rootObject = 8BD134F82D16EE4F008913D4 /* Project object */;
}
